
Microsoft Visual Studio Solution File, Format Version 12.00
# Visual Studio Version 17
VisualStudioVersion = 17.0.32126.317
MinimumVisualStudioVersion = 10.0.40219.1
Project("{FAE04EC0-301F-11D3-BF4B-00C04F79EFBC}") = "MinhaCalculadora", "MinhaCalculadora\MinhaCalculadora.csproj", "{DFCBDCE3-F0E6-4E26-8A0E-CCECD4C80204}"
EndProject
Project("{2150E333-8FDC-42A3-9474-1A3956D46DE8}") = "Solution Items", "Solution Items", "{8CF5E94C-A392-45F7-9C4A-F8008A0070A8}"
EndProject
Global
	GlobalSection(SolutionConfigurationPlatforms) = preSolution
		Debug|Any CPU = Debug|Any CPU
		Release|Any CPU = Release|Any CPU
	EndGlobalSection
	GlobalSection(ProjectConfigurationPlatforms) = postSolution
		{DFCBDCE3-F0E6-4E26-8A0E-CCECD4C80204}.Debug|Any CPU.ActiveCfg = Debug|Any CPU
		{DFCBDCE3-F0E6-4E26-8A0E-CCECD4C80204}.Debug|Any CPU.Build.0 = Debug|Any CPU
		{DFCBDCE3-F0E6-4E26-8A0E-CCECD4C80204}.Release|Any CPU.ActiveCfg = Release|Any CPU
		{DFCBDCE3-F0E6-4E26-8A0E-CCECD4C80204}.Release|Any CPU.Build.0 = Release|Any CPU
	EndGlobalSection
	GlobalSection(SolutionProperties) = preSolution
		HideSolutionNode = FALSE
	EndGlobalSection
	GlobalSection(ExtensibilityGlobals) = postSolution
		SolutionGuid = {AD68735B-5536-4B6E-B238-B6B2CE810A81}
	EndGlobalSection
EndGlobal
